
Microsoft Visual Studio Solution File, Format Version 12.00
# Visual Studio Version 16
VisualStudioVersion = 16.0.29306.81
MinimumVisualStudioVersion = 10.0.40219.1
Project("{FAE04EC0-301F-11D3-BF4B-00C04F79EFBC}") = "Ventas.UWP", "Ventas\Ventas.UWP\Ventas.UWP.csproj", "{677BEEE0-A2D2-4860-B1B1-92FDB07F49D4}"
EndProject
Project("{FAE04EC0-301F-11D3-BF4B-00C04F79EFBC}") = "Ventas.Android", "Ventas\Ventas.Android\Ventas.Android.csproj", "{308CE5B6-D2F8-4875-A650-2E1A5EAC5D3A}"
EndProject
Project("{FAE04EC0-301F-11D3-BF4B-00C04F79EFBC}") = "Ventas.iOS", "Ventas\Ventas.iOS\Ventas.iOS.csproj", "{883FB902-F11E-45BB-A985-52AEFD9334F9}"
EndProject
Project("{9A19103F-16F7-4668-BE54-9A1E7A4F7556}") = "Ventas", "Ventas\Ventas\Ventas.csproj", "{4C40EEEF-2DA9-455E-BA17-17A8BB96ECF6}"
EndProject
Project("{FAE04EC0-301F-11D3-BF4B-00C04F79EFBC}") = "Ventas.Backend", "Ventas.Backend\Ventas.Backend.csproj", "{A8EB1D58-A2C0-41EE-94A2-43ED451862E7}"
EndProject
Project("{FAE04EC0-301F-11D3-BF4B-00C04F79EFBC}") = "Ventas.API", "Ventas.API\Ventas.API.csproj", "{2B40A761-9726-44C2-AAC4-CAC9D8E7FA42}"
EndProject
Project("{FAE04EC0-301F-11D3-BF4B-00C04F79EFBC}") = "Ventas.Domain", "Ventas.Domain\Ventas.Domain.csproj", "{2A3FD7DC-0C37-4E6F-B806-0432741A5711}"
EndProject
Project("{FAE04EC0-301F-11D3-BF4B-00C04F79EFBC}") = "Ventas.Common", "Ventas.Common\Ventas.Common.csproj", "{7CB2B2D2-2512-4395-B6CE-C9DB62A4B1BD}"
EndProject
Global
	GlobalSection(SolutionConfigurationPlatforms) = preSolution
		Debug|Any CPU = Debug|Any CPU
		Debug|ARM = Debug|ARM
		Debug|iPhone = Debug|iPhone
		Debug|iPhoneSimulator = Debug|iPhoneSimulator
		Debug|x64 = Debug|x64
		Debug|x86 = Debug|x86
		Release|Any CPU = Release|Any CPU
		Release|ARM = Release|ARM
		Release|iPhone = Release|iPhone
		Release|iPhoneSimulator = Release|iPhoneSimulator
		Release|x64 = Release|x64
		Release|x86 = Release|x86
	EndGlobalSection
	GlobalSection(ProjectConfigurationPlatforms) = postSolution
		{677BEEE0-A2D2-4860-B1B1-92FDB07F49D4}.Debug|Any CPU.ActiveCfg = Debug|x86
		{677BEEE0-A2D2-4860-B1B1-92FDB07F49D4}.Debug|Any CPU.Build.0 = Debug|x86
		{677BEEE0-A2D2-4860-B1B1-92FDB07F49D4}.Debug|Any CPU.Deploy.0 = Debug|x86
		{677BEEE0-A2D2-4860-B1B1-92FDB07F49D4}.Debug|ARM.ActiveCfg = Debug|ARM
		{677BEEE0-A2D2-4860-B1B1-92FDB07F49D4}.Debug|ARM.Build.0 = Debug|ARM
		{677BEEE0-A2D2-4860-B1B1-92FDB07F49D4}.Debug|ARM.Deploy.0 = Debug|ARM
		{677BEEE0-A2D2-4860-B1B1-92FDB07F49D4}.Debug|iPhone.ActiveCfg = Debug|x86
		{677BEEE0-A2D2-4860-B1B1-92FDB07F49D4}.Debug|iPhone.Build.0 = Debug|x86
		{677BEEE0-A2D2-4860-B1B1-92FDB07F49D4}.Debug|iPhone.Deploy.0 = Debug|x86
		{677BEEE0-A2D2-4860-B1B1-92FDB07F49D4}.Debug|iPhoneSimulator.ActiveCfg = Debug|x86
		{677BEEE0-A2D2-4860-B1B1-92FDB07F49D4}.Debug|iPhoneSimulator.Build.0 = Debug|x86
		{677BEEE0-A2D2-4860-B1B1-92FDB07F49D4}.Debug|iPhoneSimulator.Deploy.0 = Debug|x86
		{677BEEE0-A2D2-4860-B1B1-92FDB07F49D4}.Debug|x64.ActiveCfg = Debug|x64
		{677BEEE0-A2D2-4860-B1B1-92FDB07F49D4}.Debug|x64.Build.0 = Debug|x64
		{677BEEE0-A2D2-4860-B1B1-92FDB07F49D4}.Debug|x64.Deploy.0 = Debug|x64
		{677BEEE0-A2D2-4860-B1B1-92FDB07F49D4}.Debug|x86.ActiveCfg = Debug|x86
		{677BEEE0-A2D2-4860-B1B1-92FDB07F49D4}.Debug|x86.Build.0 = Debug|x86
		{677BEEE0-A2D2-4860-B1B1-92FDB07F49D4}.Debug|x86.Deploy.0 = Debug|x86
		{677BEEE0-A2D2-4860-B1B1-92FDB07F49D4}.Release|Any CPU.ActiveCfg = Release|x86
		{677BEEE0-A2D2-4860-B1B1-92FDB07F49D4}.Release|Any CPU.Build.0 = Release|x86
		{677BEEE0-A2D2-4860-B1B1-92FDB07F49D4}.Release|Any CPU.Deploy.0 = Release|x86
		{677BEEE0-A2D2-4860-B1B1-92FDB07F49D4}.Release|ARM.ActiveCfg = Release|ARM
		{677BEEE0-A2D2-4860-B1B1-92FDB07F49D4}.Release|ARM.Build.0 = Release|ARM
		{677BEEE0-A2D2-4860-B1B1-92FDB07F49D4}.Release|ARM.Deploy.0 = Release|ARM
		{677BEEE0-A2D2-4860-B1B1-92FDB07F49D4}.Release|iPhone.ActiveCfg = Release|x86
		{677BEEE0-A2D2-4860-B1B1-92FDB07F49D4}.Release|iPhone.Build.0 = Release|x86
		{677BEEE0-A2D2-4860-B1B1-92FDB07F49D4}.Release|iPhone.Deploy.0 = Release|x86
		{677BEEE0-A2D2-4860-B1B1-92FDB07F49D4}.Release|iPhoneSimulator.ActiveCfg = Release|x86
		{677BEEE0-A2D2-4860-B1B1-92FDB07F49D4}.Release|iPhoneSimulator.Build.0 = Release|x86
		{677BEEE0-A2D2-4860-B1B1-92FDB07F49D4}.Release|iPhoneSimulator.Deploy.0 = Release|x86
		{677BEEE0-A2D2-4860-B1B1-92FDB07F49D4}.Release|x64.ActiveCfg = Release|x64
		{677BEEE0-A2D2-4860-B1B1-92FDB07F49D4}.Release|x64.Build.0 = Release|x64
		{677BEEE0-A2D2-4860-B1B1-92FDB07F49D4}.Release|x64.Deploy.0 = Release|x64
		{677BEEE0-A2D2-4860-B1B1-92FDB07F49D4}.Release|x86.ActiveCfg = Release|x86
		{677BEEE0-A2D2-4860-B1B1-92FDB07F49D4}.Release|x86.Build.0 = Release|x86
		{677BEEE0-A2D2-4860-B1B1-92FDB07F49D4}.Release|x86.Deploy.0 = Release|x86
		{308CE5B6-D2F8-4875-A650-2E1A5EAC5D3A}.Debug|Any CPU.ActiveCfg = Debug|Any CPU
		{308CE5B6-D2F8-4875-A650-2E1A5EAC5D3A}.Debug|Any CPU.Build.0 = Debug|Any CPU
		{308CE5B6-D2F8-4875-A650-2E1A5EAC5D3A}.Debug|Any CPU.Deploy.0 = Debug|Any CPU
		{308CE5B6-D2F8-4875-A650-2E1A5EAC5D3A}.Debug|ARM.ActiveCfg = Debug|Any CPU
		{308CE5B6-D2F8-4875-A650-2E1A5EAC5D3A}.Debug|ARM.Build.0 = Debug|Any CPU
		{308CE5B6-D2F8-4875-A650-2E1A5EAC5D3A}.Debug|ARM.Deploy.0 = Debug|Any CPU
		{308CE5B6-D2F8-4875-A650-2E1A5EAC5D3A}.Debug|iPhone.ActiveCfg = Debug|Any CPU
		{308CE5B6-D2F8-4875-A650-2E1A5EAC5D3A}.Debug|iPhone.Build.0 = Debug|Any CPU
		{308CE5B6-D2F8-4875-A650-2E1A5EAC5D3A}.Debug|iPhone.Deploy.0 = Debug|Any CPU
		{308CE5B6-D2F8-4875-A650-2E1A5EAC5D3A}.Debug|iPhoneSimulator.ActiveCfg = Debug|Any CPU
		{308CE5B6-D2F8-4875-A650-2E1A5EAC5D3A}.Debug|iPhoneSimulator.Build.0 = Debug|Any CPU
		{308CE5B6-D2F8-4875-A650-2E1A5EAC5D3A}.Debug|iPhoneSimulator.Deploy.0 = Debug|Any CPU
		{308CE5B6-D2F8-4875-A650-2E1A5EAC5D3A}.Debug|x64.ActiveCfg = Debug|Any CPU
		{308CE5B6-D2F8-4875-A650-2E1A5EAC5D3A}.Debug|x64.Build.0 = Debug|Any CPU
		{308CE5B6-D2F8-4875-A650-2E1A5EAC5D3A}.Debug|x64.Deploy.0 = Debug|Any CPU
		{308CE5B6-D2F8-4875-A650-2E1A5EAC5D3A}.Debug|x86.ActiveCfg = Debug|Any CPU
		{308CE5B6-D2F8-4875-A650-2E1A5EAC5D3A}.Debug|x86.Build.0 = Debug|Any CPU
		{308CE5B6-D2F8-4875-A650-2E1A5EAC5D3A}.Debug|x86.Deploy.0 = Debug|Any CPU
		{308CE5B6-D2F8-4875-A650-2E1A5EAC5D3A}.Release|Any CPU.ActiveCfg = Release|Any CPU
		{308CE5B6-D2F8-4875-A650-2E1A5EAC5D3A}.Release|Any CPU.Build.0 = Release|Any CPU
		{308CE5B6-D2F8-4875-A650-2E1A5EAC5D3A}.Release|Any CPU.Deploy.0 = Release|Any CPU
		{308CE5B6-D2F8-4875-A650-2E1A5EAC5D3A}.Release|ARM.ActiveCfg = Release|Any CPU
		{308CE5B6-D2F8-4875-A650-2E1A5EAC5D3A}.Release|ARM.Build.0 = Release|Any CPU
		{308CE5B6-D2F8-4875-A650-2E1A5EAC5D3A}.Release|ARM.Deploy.0 = Release|Any CPU
		{308CE5B6-D2F8-4875-A650-2E1A5EAC5D3A}.Release|iPhone.ActiveCfg = Release|Any CPU
		{308CE5B6-D2F8-4875-A650-2E1A5EAC5D3A}.Release|iPhone.Build.0 = Release|Any CPU
		{308CE5B6-D2F8-4875-A650-2E1A5EAC5D3A}.Release|iPhone.Deploy.0 = Release|Any CPU
		{308CE5B6-D2F8-4875-A650-2E1A5EAC5D3A}.Release|iPhoneSimulator.ActiveCfg = Release|Any CPU
		{308CE5B6-D2F8-4875-A650-2E1A5EAC5D3A}.Release|iPhoneSimulator.Build.0 = Release|Any CPU
		{308CE5B6-D2F8-4875-A650-2E1A5EAC5D3A}.Release|iPhoneSimulator.Deploy.0 = Release|Any CPU
		{308CE5B6-D2F8-4875-A650-2E1A5EAC5D3A}.Release|x64.ActiveCfg = Release|Any CPU
		{308CE5B6-D2F8-4875-A650-2E1A5EAC5D3A}.Release|x64.Build.0 = Release|Any CPU
		{308CE5B6-D2F8-4875-A650-2E1A5EAC5D3A}.Release|x64.Deploy.0 = Release|Any CPU
		{308CE5B6-D2F8-4875-A650-2E1A5EAC5D3A}.Release|x86.ActiveCfg = Release|Any CPU
		{308CE5B6-D2F8-4875-A650-2E1A5EAC5D3A}.Release|x86.Build.0 = Release|Any CPU
		{308CE5B6-D2F8-4875-A650-2E1A5EAC5D3A}.Release|x86.Deploy.0 = Release|Any CPU
		{883FB902-F11E-45BB-A985-52AEFD9334F9}.Debug|Any CPU.ActiveCfg = Debug|iPhone
		{883FB902-F11E-45BB-A985-52AEFD9334F9}.Debug|Any CPU.Build.0 = Debug|iPhone
		{883FB902-F11E-45BB-A985-52AEFD9334F9}.Debug|Any CPU.Deploy.0 = Debug|iPhone
		{883FB902-F11E-45BB-A985-52AEFD9334F9}.Debug|ARM.ActiveCfg = Debug|iPhoneSimulator
		{883FB902-F11E-45BB-A985-52AEFD9334F9}.Debug|ARM.Build.0 = Debug|iPhoneSimulator
		{883FB902-F11E-45BB-A985-52AEFD9334F9}.Debug|ARM.Deploy.0 = Debug|iPhoneSimulator
		{883FB902-F11E-45BB-A985-52AEFD9334F9}.Debug|iPhone.ActiveCfg = Debug|iPhone
		{883FB902-F11E-45BB-A985-52AEFD9334F9}.Debug|iPhone.Build.0 = Debug|iPhone
		{883FB902-F11E-45BB-A985-52AEFD9334F9}.Debug|iPhone.Deploy.0 = Debug|iPhone
		{883FB902-F11E-45BB-A985-52AEFD9334F9}.Debug|iPhoneSimulator.ActiveCfg = Debug|iPhoneSimulator
		{883FB902-F11E-45BB-A985-52AEFD9334F9}.Debug|iPhoneSimulator.Build.0 = Debug|iPhoneSimulator
		{883FB902-F11E-45BB-A985-52AEFD9334F9}.Debug|iPhoneSimulator.Deploy.0 = Debug|iPhoneSimulator
		{883FB902-F11E-45BB-A985-52AEFD9334F9}.Debug|x64.ActiveCfg = Debug|iPhone
		{883FB902-F11E-45BB-A985-52AEFD9334F9}.Debug|x64.Build.0 = Debug|iPhone
		{883FB902-F11E-45BB-A985-52AEFD9334F9}.Debug|x64.Deploy.0 = Debug|iPhone
		{883FB902-F11E-45BB-A985-52AEFD9334F9}.Debug|x86.ActiveCfg = Debug|iPhone
		{883FB902-F11E-45BB-A985-52AEFD9334F9}.Debug|x86.Build.0 = Debug|iPhone
		{883FB902-F11E-45BB-A985-52AEFD9334F9}.Debug|x86.Deploy.0 = Debug|iPhone
		{883FB902-F11E-45BB-A985-52AEFD9334F9}.Release|Any CPU.ActiveCfg = Release|iPhone
		{883FB902-F11E-45BB-A985-52AEFD9334F9}.Release|Any CPU.Build.0 = Release|iPhone
		{883FB902-F11E-45BB-A985-52AEFD9334F9}.Release|Any CPU.Deploy.0 = Release|iPhone
		{883FB902-F11E-45BB-A985-52AEFD9334F9}.Release|ARM.ActiveCfg = Release|iPhone
		{883FB902-F11E-45BB-A985-52AEFD9334F9}.Release|ARM.Build.0 = Release|iPhone
		{883FB902-F11E-45BB-A985-52AEFD9334F9}.Release|ARM.Deploy.0 = Release|iPhone
		{883FB902-F11E-45BB-A985-52AEFD9334F9}.Release|iPhone.ActiveCfg = Release|iPhone
		{883FB902-F11E-45BB-A985-52AEFD9334F9}.Release|iPhone.Build.0 = Release|iPhone
		{883FB902-F11E-45BB-A985-52AEFD9334F9}.Release|iPhone.Deploy.0 = Release|iPhone
		{883FB902-F11E-45BB-A985-52AEFD9334F9}.Release|iPhoneSimulator.ActiveCfg = Release|iPhoneSimulator
		{883FB902-F11E-45BB-A985-52AEFD9334F9}.Release|iPhoneSimulator.Build.0 = Release|iPhoneSimulator
		{883FB902-F11E-45BB-A985-52AEFD9334F9}.Release|iPhoneSimulator.Deploy.0 = Release|iPhoneSimulator
		{883FB902-F11E-45BB-A985-52AEFD9334F9}.Release|x64.ActiveCfg = Release|iPhone
		{883FB902-F11E-45BB-A985-52AEFD9334F9}.Release|x64.Build.0 = Release|iPhone
		{883FB902-F11E-45BB-A985-52AEFD9334F9}.Release|x64.Deploy.0 = Release|iPhone
		{883FB902-F11E-45BB-A985-52AEFD9334F9}.Release|x86.ActiveCfg = Release|iPhone
		{883FB902-F11E-45BB-A985-52AEFD9334F9}.Release|x86.Build.0 = Release|iPhone
		{883FB902-F11E-45BB-A985-52AEFD9334F9}.Release|x86.Deploy.0 = Release|iPhone
		{4C40EEEF-2DA9-455E-BA17-17A8BB96ECF6}.Debug|Any CPU.ActiveCfg = Debug|Any CPU
		{4C40EEEF-2DA9-455E-BA17-17A8BB96ECF6}.Debug|Any CPU.Build.0 = Debug|Any CPU
		{4C40EEEF-2DA9-455E-BA17-17A8BB96ECF6}.Debug|Any CPU.Deploy.0 = Debug|Any CPU
		{4C40EEEF-2DA9-455E-BA17-17A8BB96ECF6}.Debug|ARM.ActiveCfg = Debug|Any CPU
		{4C40EEEF-2DA9-455E-BA17-17A8BB96ECF6}.Debug|ARM.Build.0 = Debug|Any CPU
		{4C40EEEF-2DA9-455E-BA17-17A8BB96ECF6}.Debug|ARM.Deploy.0 = Debug|Any CPU
		{4C40EEEF-2DA9-455E-BA17-17A8BB96ECF6}.Debug|iPhone.ActiveCfg = Debug|Any CPU
		{4C40EEEF-2DA9-455E-BA17-17A8BB96ECF6}.Debug|iPhone.Build.0 = Debug|Any CPU
		{4C40EEEF-2DA9-455E-BA17-17A8BB96ECF6}.Debug|iPhone.Deploy.0 = Debug|Any CPU
		{4C40EEEF-2DA9-455E-BA17-17A8BB96ECF6}.Debug|iPhoneSimulator.ActiveCfg = Debug|Any CPU
		{4C40EEEF-2DA9-455E-BA17-17A8BB96ECF6}.Debug|iPhoneSimulator.Build.0 = Debug|Any CPU
		{4C40EEEF-2DA9-455E-BA17-17A8BB96ECF6}.Debug|iPhoneSimulator.Deploy.0 = Debug|Any CPU
		{4C40EEEF-2DA9-455E-BA17-17A8BB96ECF6}.Debug|x64.ActiveCfg = Debug|Any CPU
		{4C40EEEF-2DA9-455E-BA17-17A8BB96ECF6}.Debug|x64.Build.0 = Debug|Any CPU
		{4C40EEEF-2DA9-455E-BA17-17A8BB96ECF6}.Debug|x64.Deploy.0 = Debug|Any CPU
		{4C40EEEF-2DA9-455E-BA17-17A8BB96ECF6}.Debug|x86.ActiveCfg = Debug|Any CPU
		{4C40EEEF-2DA9-455E-BA17-17A8BB96ECF6}.Debug|x86.Build.0 = Debug|Any CPU
		{4C40EEEF-2DA9-455E-BA17-17A8BB96ECF6}.Debug|x86.Deploy.0 = Debug|Any CPU
		{4C40EEEF-2DA9-455E-BA17-17A8BB96ECF6}.Release|Any CPU.ActiveCfg = Release|Any CPU
		{4C40EEEF-2DA9-455E-BA17-17A8BB96ECF6}.Release|Any CPU.Build.0 = Release|Any CPU
		{4C40EEEF-2DA9-455E-BA17-17A8BB96ECF6}.Release|Any CPU.Deploy.0 = Release|Any CPU
		{4C40EEEF-2DA9-455E-BA17-17A8BB96ECF6}.Release|ARM.ActiveCfg = Release|Any CPU
		{4C40EEEF-2DA9-455E-BA17-17A8BB96ECF6}.Release|ARM.Build.0 = Release|Any CPU
		{4C40EEEF-2DA9-455E-BA17-17A8BB96ECF6}.Release|ARM.Deploy.0 = Release|Any CPU
		{4C40EEEF-2DA9-455E-BA17-17A8BB96ECF6}.Release|iPhone.ActiveCfg = Release|Any CPU
		{4C40EEEF-2DA9-455E-BA17-17A8BB96ECF6}.Release|iPhone.Build.0 = Release|Any CPU
		{4C40EEEF-2DA9-455E-BA17-17A8BB96ECF6}.Release|iPhone.Deploy.0 = Release|Any CPU
		{4C40EEEF-2DA9-455E-BA17-17A8BB96ECF6}.Release|iPhoneSimulator.ActiveCfg = Release|Any CPU
		{4C40EEEF-2DA9-455E-BA17-17A8BB96ECF6}.Release|iPhoneSimulator.Build.0 = Release|Any CPU
		{4C40EEEF-2DA9-455E-BA17-17A8BB96ECF6}.Release|iPhoneSimulator.Deploy.0 = Release|Any CPU
		{4C40EEEF-2DA9-455E-BA17-17A8BB96ECF6}.Release|x64.ActiveCfg = Release|Any CPU
		{4C40EEEF-2DA9-455E-BA17-17A8BB96ECF6}.Release|x64.Build.0 = Release|Any CPU
		{4C40EEEF-2DA9-455E-BA17-17A8BB96ECF6}.Release|x64.Deploy.0 = Release|Any CPU
		{4C40EEEF-2DA9-455E-BA17-17A8BB96ECF6}.Release|x86.ActiveCfg = Release|Any CPU
		{4C40EEEF-2DA9-455E-BA17-17A8BB96ECF6}.Release|x86.Build.0 = Release|Any CPU
		{4C40EEEF-2DA9-455E-BA17-17A8BB96ECF6}.Release|x86.Deploy.0 = Release|Any CPU
		{A8EB1D58-A2C0-41EE-94A2-43ED451862E7}.Debug|Any CPU.ActiveCfg = Debug|Any CPU
		{A8EB1D58-A2C0-41EE-94A2-43ED451862E7}.Debug|Any CPU.Build.0 = Debug|Any CPU
		{A8EB1D58-A2C0-41EE-94A2-43ED451862E7}.Debug|ARM.ActiveCfg = Debug|Any CPU
		{A8EB1D58-A2C0-41EE-94A2-43ED451862E7}.Debug|ARM.Build.0 = Debug|Any CPU
		{A8EB1D58-A2C0-41EE-94A2-43ED451862E7}.Debug|iPhone.ActiveCfg = Debug|Any CPU
		{A8EB1D58-A2C0-41EE-94A2-43ED451862E7}.Debug|iPhone.Build.0 = Debug|Any CPU
		{A8EB1D58-A2C0-41EE-94A2-43ED451862E7}.Debug|iPhoneSimulator.ActiveCfg = Debug|Any CPU
		{A8EB1D58-A2C0-41EE-94A2-43ED451862E7}.Debug|iPhoneSimulator.Build.0 = Debug|Any CPU
		{A8EB1D58-A2C0-41EE-94A2-43ED451862E7}.Debug|x64.ActiveCfg = Debug|Any CPU
		{A8EB1D58-A2C0-41EE-94A2-43ED451862E7}.Debug|x64.Build.0 = Debug|Any CPU
		{A8EB1D58-A2C0-41EE-94A2-43ED451862E7}.Debug|x86.ActiveCfg = Debug|Any CPU
		{A8EB1D58-A2C0-41EE-94A2-43ED451862E7}.Debug|x86.Build.0 = Debug|Any CPU
		{A8EB1D58-A2C0-41EE-94A2-43ED451862E7}.Release|Any CPU.ActiveCfg = Release|Any CPU
		{A8EB1D58-A2C0-41EE-94A2-43ED451862E7}.Release|Any CPU.Build.0 = Release|Any CPU
		{A8EB1D58-A2C0-41EE-94A2-43ED451862E7}.Release|ARM.ActiveCfg = Release|Any CPU
		{A8EB1D58-A2C0-41EE-94A2-43ED451862E7}.Release|ARM.Build.0 = Release|Any CPU
		{A8EB1D58-A2C0-41EE-94A2-43ED451862E7}.Release|iPhone.ActiveCfg = Release|Any CPU
		{A8EB1D58-A2C0-41EE-94A2-43ED451862E7}.Release|iPhone.Build.0 = Release|Any CPU
		{A8EB1D58-A2C0-41EE-94A2-43ED451862E7}.Release|iPhoneSimulator.ActiveCfg = Release|Any CPU
		{A8EB1D58-A2C0-41EE-94A2-43ED451862E7}.Release|iPhoneSimulator.Build.0 = Release|Any CPU
		{A8EB1D58-A2C0-41EE-94A2-43ED451862E7}.Release|x64.ActiveCfg = Release|Any CPU
		{A8EB1D58-A2C0-41EE-94A2-43ED451862E7}.Release|x64.Build.0 = Release|Any CPU
		{A8EB1D58-A2C0-41EE-94A2-43ED451862E7}.Release|x86.ActiveCfg = Release|Any CPU
		{A8EB1D58-A2C0-41EE-94A2-43ED451862E7}.Release|x86.Build.0 = Release|Any CPU
		{2B40A761-9726-44C2-AAC4-CAC9D8E7FA42}.Debug|Any CPU.ActiveCfg = Debug|Any CPU
		{2B40A761-9726-44C2-AAC4-CAC9D8E7FA42}.Debug|Any CPU.Build.0 = Debug|Any CPU
		{2B40A761-9726-44C2-AAC4-CAC9D8E7FA42}.Debug|ARM.ActiveCfg = Debug|Any CPU
		{2B40A761-9726-44C2-AAC4-CAC9D8E7FA42}.Debug|ARM.Build.0 = Debug|Any CPU
		{2B40A761-9726-44C2-AAC4-CAC9D8E7FA42}.Debug|iPhone.ActiveCfg = Debug|Any CPU
		{2B40A761-9726-44C2-AAC4-CAC9D8E7FA42}.Debug|iPhone.Build.0 = Debug|Any CPU
		{2B40A761-9726-44C2-AAC4-CAC9D8E7FA42}.Debug|iPhoneSimulator.ActiveCfg = Debug|Any CPU
		{2B40A761-9726-44C2-AAC4-CAC9D8E7FA42}.Debug|iPhoneSimulator.Build.0 = Debug|Any CPU
		{2B40A761-9726-44C2-AAC4-CAC9D8E7FA42}.Debug|x64.ActiveCfg = Debug|Any CPU
		{2B40A761-9726-44C2-AAC4-CAC9D8E7FA42}.Debug|x64.Build.0 = Debug|Any CPU
		{2B40A761-9726-44C2-AAC4-CAC9D8E7FA42}.Debug|x86.ActiveCfg = Debug|Any CPU
		{2B40A761-9726-44C2-AAC4-CAC9D8E7FA42}.Debug|x86.Build.0 = Debug|Any CPU
		{2B40A761-9726-44C2-AAC4-CAC9D8E7FA42}.Release|Any CPU.ActiveCfg = Release|Any CPU
		{2B40A761-9726-44C2-AAC4-CAC9D8E7FA42}.Release|Any CPU.Build.0 = Release|Any CPU
		{2B40A761-9726-44C2-AAC4-CAC9D8E7FA42}.Release|ARM.ActiveCfg = Release|Any CPU
		{2B40A761-9726-44C2-AAC4-CAC9D8E7FA42}.Release|ARM.Build.0 = Release|Any CPU
		{2B40A761-9726-44C2-AAC4-CAC9D8E7FA42}.Release|iPhone.ActiveCfg = Release|Any CPU
		{2B40A761-9726-44C2-AAC4-CAC9D8E7FA42}.Release|iPhone.Build.0 = Release|Any CPU
		{2B40A761-9726-44C2-AAC4-CAC9D8E7FA42}.Release|iPhoneSimulator.ActiveCfg = Release|Any CPU
		{2B40A761-9726-44C2-AAC4-CAC9D8E7FA42}.Release|iPhoneSimulator.Build.0 = Release|Any CPU
		{2B40A761-9726-44C2-AAC4-CAC9D8E7FA42}.Release|x64.ActiveCfg = Release|Any CPU
		{2B40A761-9726-44C2-AAC4-CAC9D8E7FA42}.Release|x64.Build.0 = Release|Any CPU
		{2B40A761-9726-44C2-AAC4-CAC9D8E7FA42}.Release|x86.ActiveCfg = Release|Any CPU
		{2B40A761-9726-44C2-AAC4-CAC9D8E7FA42}.Release|x86.Build.0 = Release|Any CPU
		{2A3FD7DC-0C37-4E6F-B806-0432741A5711}.Debug|Any CPU.ActiveCfg = Debug|Any CPU
		{2A3FD7DC-0C37-4E6F-B806-0432741A5711}.Debug|Any CPU.Build.0 = Debug|Any CPU
		{2A3FD7DC-0C37-4E6F-B806-0432741A5711}.Debug|ARM.ActiveCfg = Debug|Any CPU
		{2A3FD7DC-0C37-4E6F-B806-0432741A5711}.Debug|ARM.Build.0 = Debug|Any CPU
		{2A3FD7DC-0C37-4E6F-B806-0432741A5711}.Debug|iPhone.ActiveCfg = Debug|Any CPU
		{2A3FD7DC-0C37-4E6F-B806-0432741A5711}.Debug|iPhone.Build.0 = Debug|Any CPU
		{2A3FD7DC-0C37-4E6F-B806-0432741A5711}.Debug|iPhoneSimulator.ActiveCfg = Debug|Any CPU
		{2A3FD7DC-0C37-4E6F-B806-0432741A5711}.Debug|iPhoneSimulator.Build.0 = Debug|Any CPU
		{2A3FD7DC-0C37-4E6F-B806-0432741A5711}.Debug|x64.ActiveCfg = Debug|Any CPU
		{2A3FD7DC-0C37-4E6F-B806-0432741A5711}.Debug|x64.Build.0 = Debug|Any CPU
		{2A3FD7DC-0C37-4E6F-B806-0432741A5711}.Debug|x86.ActiveCfg = Debug|Any CPU
		{2A3FD7DC-0C37-4E6F-B806-0432741A5711}.Debug|x86.Build.0 = Debug|Any CPU
		{2A3FD7DC-0C37-4E6F-B806-0432741A5711}.Release|Any CPU.ActiveCfg = Release|Any CPU
		{2A3FD7DC-0C37-4E6F-B806-0432741A5711}.Release|Any CPU.Build.0 = Release|Any CPU
		{2A3FD7DC-0C37-4E6F-B806-0432741A5711}.Release|ARM.ActiveCfg = Release|Any CPU
		{2A3FD7DC-0C37-4E6F-B806-0432741A5711}.Release|ARM.Build.0 = Release|Any CPU
		{2A3FD7DC-0C37-4E6F-B806-0432741A5711}.Release|iPhone.ActiveCfg = Release|Any CPU
		{2A3FD7DC-0C37-4E6F-B806-0432741A5711}.Release|iPhone.Build.0 = Release|Any CPU
		{2A3FD7DC-0C37-4E6F-B806-0432741A5711}.Release|iPhoneSimulator.ActiveCfg = Release|Any CPU
		{2A3FD7DC-0C37-4E6F-B806-0432741A5711}.Release|iPhoneSimulator.Build.0 = Release|Any CPU
		{2A3FD7DC-0C37-4E6F-B806-0432741A5711}.Release|x64.ActiveCfg = Release|Any CPU
		{2A3FD7DC-0C37-4E6F-B806-0432741A5711}.Release|x64.Build.0 = Release|Any CPU
		{2A3FD7DC-0C37-4E6F-B806-0432741A5711}.Release|x86.ActiveCfg = Release|Any CPU
		{2A3FD7DC-0C37-4E6F-B806-0432741A5711}.Release|x86.Build.0 = Release|Any CPU
		{7CB2B2D2-2512-4395-B6CE-C9DB62A4B1BD}.Debug|Any CPU.ActiveCfg = Debug|Any CPU
		{7CB2B2D2-2512-4395-B6CE-C9DB62A4B1BD}.Debug|Any CPU.Build.0 = Debug|Any CPU
		{7CB2B2D2-2512-4395-B6CE-C9DB62A4B1BD}.Debug|ARM.ActiveCfg = Debug|Any CPU
		{7CB2B2D2-2512-4395-B6CE-C9DB62A4B1BD}.Debug|ARM.Build.0 = Debug|Any CPU
		{7CB2B2D2-2512-4395-B6CE-C9DB62A4B1BD}.Debug|iPhone.ActiveCfg = Debug|Any CPU
		{7CB2B2D2-2512-4395-B6CE-C9DB62A4B1BD}.Debug|iPhone.Build.0 = Debug|Any CPU
		{7CB2B2D2-2512-4395-B6CE-C9DB62A4B1BD}.Debug|iPhoneSimulator.ActiveCfg = Debug|Any CPU
		{7CB2B2D2-2512-4395-B6CE-C9DB62A4B1BD}.Debug|iPhoneSimulator.Build.0 = Debug|Any CPU
		{7CB2B2D2-2512-4395-B6CE-C9DB62A4B1BD}.Debug|x64.ActiveCfg = Debug|Any CPU
		{7CB2B2D2-2512-4395-B6CE-C9DB62A4B1BD}.Debug|x64.Build.0 = Debug|Any CPU
		{7CB2B2D2-2512-4395-B6CE-C9DB62A4B1BD}.Debug|x86.ActiveCfg = Debug|Any CPU
		{7CB2B2D2-2512-4395-B6CE-C9DB62A4B1BD}.Debug|x86.Build.0 = Debug|Any CPU
		{7CB2B2D2-2512-4395-B6CE-C9DB62A4B1BD}.Release|Any CPU.ActiveCfg = Release|Any CPU
		{7CB2B2D2-2512-4395-B6CE-C9DB62A4B1BD}.Release|Any CPU.Build.0 = Release|Any CPU
		{7CB2B2D2-2512-4395-B6CE-C9DB62A4B1BD}.Release|ARM.ActiveCfg = Release|Any CPU
		{7CB2B2D2-2512-4395-B6CE-C9DB62A4B1BD}.Release|ARM.Build.0 = Release|Any CPU
		{7CB2B2D2-2512-4395-B6CE-C9DB62A4B1BD}.Release|iPhone.ActiveCfg = Release|Any CPU
		{7CB2B2D2-2512-4395-B6CE-C9DB62A4B1BD}.Release|iPhone.Build.0 = Release|Any CPU
		{7CB2B2D2-2512-4395-B6CE-C9DB62A4B1BD}.Release|iPhoneSimulator.ActiveCfg = Release|Any CPU
		{7CB2B2D2-2512-4395-B6CE-C9DB62A4B1BD}.Release|iPhoneSimulator.Build.0 = Release|Any CPU
		{7CB2B2D2-2512-4395-B6CE-C9DB62A4B1BD}.Release|x64.ActiveCfg = Release|Any CPU
		{7CB2B2D2-2512-4395-B6CE-C9DB62A4B1BD}.Release|x64.Build.0 = Release|Any CPU
		{7CB2B2D2-2512-4395-B6CE-C9DB62A4B1BD}.Release|x86.ActiveCfg = Release|Any CPU
		{7CB2B2D2-2512-4395-B6CE-C9DB62A4B1BD}.Release|x86.Build.0 = Release|Any CPU
	EndGlobalSection
	GlobalSection(SolutionProperties) = preSolution
		HideSolutionNode = FALSE
	EndGlobalSection
	GlobalSection(ExtensibilityGlobals) = postSolution
		SolutionGuid = {3B7D983E-A2D2-472B-8EAB-F9B6B0B84D91}
	EndGlobalSection
EndGlobal
